// !$*UTF8*$!
{
	archiveVersion = 1;
	classes = {
	};
	objectVersion = 46;
	objects = {

/* Begin PBXBuildFile section */
		F693CA0D1CB8B46700EE05C3 /* IFXRefresher.m in Sources */ = {isa = PBXBuildFile; fileRef = F693CA0C1CB8B46700EE05C3 /* IFXRefresher.m */; };
/* End PBXBuildFile section */

/* Begin PBXCopyFilesBuildPhase section */
		F6441BEA1CB79D2A00D53855 /* CopyFiles */ = {
			isa = PBXCopyFilesBuildPhase;
			buildActionMask = 2147483647;
			dstPath = "include/$(PRODUCT_NAME)";
			dstSubfolderSpec = 16;
			files = (
			);
			runOnlyForDeploymentPostprocessing = 0;
		};
/* End PBXCopyFilesBuildPhase section */

/* Begin PBXFileReference section */
		F6154A3E1CB8ABDE00840573 /* README.md */ = {isa = PBXFileReference; fileEncoding = 4; lastKnownFileType = net.daringfireball.markdown; path = README.md; sourceTree = "<group>"; };
		F6154A3F1CB8ABDE00840573 /* IFXRefresher.podspec */ = {isa = PBXFileReference; fileEncoding = 4; lastKnownFileType = text; path = IFXRefresher.podspec; sourceTree = "<group>"; };
		F6154A411CB8AE8600840573 /* CHANGELOG.md */ = {isa = PBXFileReference; fileEncoding = 4; lastKnownFileType = net.daringfireball.markdown; path = CHANGELOG.md; sourceTree = "<group>"; };
		F6441BEC1CB79D2A00D53855 /* libIFXRefresher.a */ = {isa = PBXFileReference; explicitFileType = archive.ar; includeInIndex = 0; path = libIFXRefresher.a; sourceTree = BUILT_PRODUCTS_DIR; };
		F693CA0B1CB8B46700EE05C3 /* IFXRefresher.h */ = {isa = PBXFileReference; fileEncoding = 4; lastKnownFileType = sourcecode.c.h; path = IFXRefresher.h; sourceTree = "<group>"; };
		F693CA0C1CB8B46700EE05C3 /* IFXRefresher.m */ = {isa = PBXFileReference; fileEncoding = 4; lastKnownFileType = sourcecode.c.objc; path = IFXRefresher.m; sourceTree = "<group>"; };
/* End PBXFileReference section */

/* Begin PBXFrameworksBuildPhase section */
		F6441BE91CB79D2A00D53855 /* Frameworks */ = {
			isa = PBXFrameworksBuildPhase;
			buildActionMask = 2147483647;
			files = (
			);
			runOnlyForDeploymentPostprocessing = 0;
		};
/* End PBXFrameworksBuildPhase section */

/* Begin PBXGroup section */
		F6441BE31CB79D2A00D53855 = {
			isa = PBXGroup;
			children = (
				F693CA0A1CB8B46700EE05C3 /* Source */,
				F6154A411CB8AE8600840573 /* CHANGELOG.md */,
				F6154A3E1CB8ABDE00840573 /* README.md */,
				F6154A3F1CB8ABDE00840573 /* IFXRefresher.podspec */,
				F6441BED1CB79D2A00D53855 /* Products */,
			);
			sourceTree = "<group>";
		};
		F6441BED1CB79D2A00D53855 /* Products */ = {
			isa = PBXGroup;
			children = (
				F6441BEC1CB79D2A00D53855 /* libIFXRefresher.a */,
			);
			name = Products;
			sourceTree = "<group>";
		};
		F693CA0A1CB8B46700EE05C3 /* Source */ = {
			isa = PBXGroup;
			children = (
				F693CA0B1CB8B46700EE05C3 /* IFXRefresher.h */,
				F693CA0C1CB8B46700EE05C3 /* IFXRefresher.m */,
			);
			path = Source;
			sourceTree = "<group>";
		};
/* End PBXGroup section */

/* Begin PBXNativeTarget section */
		F6441BEB1CB79D2A00D53855 /* IFXRefresher */ = {
			isa = PBXNativeTarget;
			buildConfigurationList = F6441BF51CB79D2B00D53855 /* Build configuration list for PBXNativeTarget "IFXRefresher" */;
			buildPhases = (
				F6441BE81CB79D2A00D53855 /* Sources */,
				F6441BE91CB79D2A00D53855 /* Frameworks */,
				F6441BEA1CB79D2A00D53855 /* CopyFiles */,
			);
			buildRules = (
			);
			dependencies = (
			);
			name = IFXRefresher;
			productName = IFXRefresher;
			productReference = F6441BEC1CB79D2A00D53855 /* libIFXRefresher.a */;
			productType = "com.apple.product-type.library.static";
		};
/* End PBXNativeTarget section */

/* Begin PBXProject section */
		F6441BE41CB79D2A00D53855 /* Project object */ = {
			isa = PBXProject;
			attributes = {
				LastUpgradeCheck = 0730;
				ORGANIZATIONNAME = ShandaGames;
				TargetAttributes = {
					F6441BEB1CB79D2A00D53855 = {
						CreatedOnToolsVersion = 7.3;
					};
				};
			};
			buildConfigurationList = F6441BE71CB79D2A00D53855 /* Build configuration list for PBXProject "IFXRefresher" */;
			compatibilityVersion = "Xcode 3.2";
			developmentRegion = English;
			hasScannedForEncodings = 0;
			knownRegions = (
				en,
			);
			mainGroup = F6441BE31CB79D2A00D53855;
			productRefGroup = F6441BED1CB79D2A00D53855 /* Products */;
			projectDirPath = "";
			projectRoot = "";
			targets = (
				F6441BEB1CB79D2A00D53855 /* IFXRefresher */,
			);
		};
/* End PBXProject section */

/* Begin PBXSourcesBuildPhase section */
		F6441BE81CB79D2A00D53855 /* Sources */ = {
			isa = PBXSourcesBuildPhase;
			buildActionMask = 2147483647;
			files = (
				F693CA0D1CB8B46700EE05C3 /* IFXRefresher.m in Sources */,
			);
			runOnlyForDeploymentPostprocessing = 0;
		};
/* End PBXSourcesBuildPhase section */

/* Begin XCBuildConfiguration section */
		F6441BF31CB79D2B00D53855 /* Debug */ = {
			isa = XCBuildConfiguration;
			buildSettings = {
				ALWAYS_SEARCH_USER_PATHS = NO;
				CLANG_ANALYZER_NONNULL = YES;
				CLANG_CXX_LANGUAGE_STANDARD = "gnu++0x";
				CLANG_CXX_LIBRARY = "libc++";
				CLANG_ENABLE_MODULES = YES;
				CLANG_ENABLE_OBJC_ARC = YES;
				CLANG_WARN_BOOL_CONVERSION = YES;
				CLANG_WARN_CONSTANT_CONVERSION = YES;
				CLANG_WARN_DIRECT_OBJC_ISA_USAGE = YES_ERROR;
				CLANG_WARN_EMPTY_BODY = YES;
				CLANG_WARN_ENUM_CONVERSION = YES;
				CLANG_WARN_INT_CONVERSION = YES;
				CLANG_WARN_OBJC_ROOT_CLASS = YES_ERROR;
				CLANG_WARN_UNREACHABLE_CODE = YES;
				CLANG_WARN__DUPLICATE_METHOD_MATCH = YES;
				"CODE_SIGN_IDENTITY[sdk=iphoneos*]" = "iPhone Developer";
				COPY_PHASE_STRIP = NO;
				DEBUG_INFORMATION_FORMAT = dwarf;
				ENABLE_STRICT_OBJC_MSGSEND = YES;
				ENABLE_TESTABILITY = YES;
				GCC_C_LANGUAGE_STANDARD = gnu99;
				GCC_DYNAMIC_NO_PIC = NO;
				GCC_NO_COMMON_BLOCKS = YES;
				GCC_OPTIMIZATION_LEVEL = 0;
				GCC_PREPROCESSOR_DEFINITIONS = (
					"DEBUG=1",
					"$(inherited)",
				);
				GCC_WARN_64_TO_32_BIT_CONVERSION = YES;
				GCC_WARN_ABOUT_RETURN_TYPE = YES_ERROR;
				GCC_WARN_UNDECLARED_SELECTOR = YES;
				GCC_WARN_UNINITIALIZED_AUTOS = YES_AGGRESSIVE;
				GCC_WARN_UNUSED_FUNCTION = YES;
				GCC_WARN_UNUSED_VARIABLE = YES;
				IPHONEOS_DEPLOYMENT_TARGET = 6.0;
				MTL_ENABLE_DEBUG_INFO = YES;
				ONLY_ACTIVE_ARCH = YES;
				SDKROOT = iphoneos;
			};
			name = Debug;
		};
		F6441BF41CB79D2B00D53855 /* Release */ = {
			isa = XCBuildConfiguration;
			buildSettings = {
				ALWAYS_SEARCH_USER_PATHS = NO;
				CLANG_ANALYZER_NONNULL = YES;
				CLANG_CXX_LANGUAGE_STANDARD = "gnu++0x";
				CLANG_CXX_LIBRARY = "libc++";
				CLANG_ENABLE_MODULES = YES;
				CLANG_ENABLE_OBJC_ARC = YES;
				CLANG_WARN_BOOL_CONVERSION = YES;
				CLANG_WARN_CONSTANT_CONVERSION = YES;
				CLANG_WARN_DIRECT_OBJC_ISA_USAGE = YES_ERROR;
				CLANG_WARN_EMPTY_BODY = YES;
				CLANG_WARN_ENUM_CONVERSION = YES;
				CLANG_WARN_INT_CONVERSION = YES;
				CLANG_WARN_OBJC_ROOT_CLASS = YES_ERROR;
				CLANG_WARN_UNREACHABLE_CODE = YES;
				CLANG_WARN__DUPLICATE_METHOD_MATCH = YES;
				"CODE_SIGN_IDENTITY[sdk=iphoneos*]" = "iPhone Developer";
				COPY_PHASE_STRIP = NO;
				DEBUG_INFORMATION_FORMAT = "dwarf-with-dsym";
				ENABLE_NS_ASSERTIONS = NO;
				ENABLE_STRICT_OBJC_MSGSEND = YES;
				GCC_C_LANGUAGE_STANDARD = gnu99;
				GCC_NO_COMMON_BLOCKS = YES;
				GCC_WARN_64_TO_32_BIT_CONVERSION = YES;
				GCC_WARN_ABOUT_RETURN_TYPE = YES_ERROR;
				GCC_WARN_UNDECLARED_SELECTOR = YES;
				GCC_WARN_UNINITIALIZED_AUTOS = YES_AGGRESSIVE;
				GCC_WARN_UNUSED_FUNCTION = YES;
				GCC_WARN_UNUSED_VARIABLE = YES;
				IPHONEOS_DEPLOYMENT_TARGET = 6.0;
				MTL_ENABLE_DEBUG_INFO = NO;
				SDKROOT = iphoneos;
				VALIDATE_PRODUCT = YES;
			};
			name = Release;
		};
		F6441BF61CB79D2B00D53855 /* Debug */ = {
			isa = XCBuildConfiguration;
			buildSettings = {
				OTHER_LDFLAGS = "-ObjC";
				PRODUCT_NAME = "$(TARGET_NAME)";
				SKIP_INSTALL = YES;
			};
			name = Debug;
		};
		F6441BF71CB79D2B00D53855 /* Release */ = {
			isa = XCBuildConfiguration;
			buildSettings = {
				OTHER_LDFLAGS = "-ObjC";
				PRODUCT_NAME = "$(TARGET_NAME)";
				SKIP_INSTALL = YES;
			};
			name = Release;
		};
/* End XCBuildConfiguration section */

/* Begin XCConfigurationList section */
		F6441BE71CB79D2A00D53855 /* Build configuration list for PBXProject "IFXRefresher" */ = {
			isa = XCConfigurationList;
			buildConfigurations = (
				F6441BF31CB79D2B00D53855 /* Debug */,
				F6441BF41CB79D2B00D53855 /* Release */,
			);
			defaultConfigurationIsVisible = 0;
			defaultConfigurationName = Release;
		};
		F6441BF51CB79D2B00D53855 /* Build configuration list for PBXNativeTarget "IFXRefresher" */ = {
			isa = XCConfigurationList;
			buildConfigurations = (
				F6441BF61CB79D2B00D53855 /* Debug */,
				F6441BF71CB79D2B00D53855 /* Release */,
			);
			defaultConfigurationIsVisible = 0;
			defaultConfigurationName = Release;
		};
/* End XCConfigurationList section */
	};
	rootObject = F6441BE41CB79D2A00D53855 /* Project object */;
}
