// !$*UTF8*$!
{
	archiveVersion = 1;
	classes = {
	};
	objectVersion = 46;
	objects = {

/* Begin PBXBuildFile section */
		F6A2DF141D73D30F00AF0BB6 /* IFXRefresher.framework in Frameworks */ = {isa = PBXBuildFile; fileRef = F6A2DF131D73D30F00AF0BB6 /* IFXRefresher.framework */; };
		F6FF24C81D73399300118EF5 /* main.m in Sources */ = {isa = PBXBuildFile; fileRef = F6FF24C71D73399300118EF5 /* main.m */; };
		F6FF24CB1D73399300118EF5 /* AppDelegate.m in Sources */ = {isa = PBXBuildFile; fileRef = F6FF24CA1D73399300118EF5 /* AppDelegate.m */; };
		F6FF24CE1D73399300118EF5 /* ViewController.m in Sources */ = {isa = PBXBuildFile; fileRef = F6FF24CD1D73399300118EF5 /* ViewController.m */; };
		F6FF24D31D73399300118EF5 /* Assets.xcassets in Resources */ = {isa = PBXBuildFile; fileRef = F6FF24D21D73399300118EF5 /* Assets.xcassets */; };
		F6FF24E01D73B88300118EF5 /* Default-568h@2x.png in Resources */ = {isa = PBXBuildFile; fileRef = F6FF24DF1D73B88300118EF5 /* Default-568h@2x.png */; };
/* End PBXBuildFile section */

/* Begin PBXFileReference section */
		F6A2DF131D73D30F00AF0BB6 /* IFXRefresher.framework */ = {isa = PBXFileReference; lastKnownFileType = wrapper.framework; name = IFXRefresher.framework; path = "../build/Debug-iphoneos/IFXRefresher.framework"; sourceTree = "<group>"; };
		F6FF24C31D73399300118EF5 /* Example.app */ = {isa = PBXFileReference; explicitFileType = wrapper.application; includeInIndex = 0; path = Example.app; sourceTree = BUILT_PRODUCTS_DIR; };
		F6FF24C71D73399300118EF5 /* main.m */ = {isa = PBXFileReference; lastKnownFileType = sourcecode.c.objc; path = main.m; sourceTree = "<group>"; };
		F6FF24C91D73399300118EF5 /* AppDelegate.h */ = {isa = PBXFileReference; lastKnownFileType = sourcecode.c.h; path = AppDelegate.h; sourceTree = "<group>"; };
		F6FF24CA1D73399300118EF5 /* AppDelegate.m */ = {isa = PBXFileReference; lastKnownFileType = sourcecode.c.objc; path = AppDelegate.m; sourceTree = "<group>"; };
		F6FF24CC1D73399300118EF5 /* ViewController.h */ = {isa = PBXFileReference; lastKnownFileType = sourcecode.c.h; path = ViewController.h; sourceTree = "<group>"; };
		F6FF24CD1D73399300118EF5 /* ViewController.m */ = {isa = PBXFileReference; lastKnownFileType = sourcecode.c.objc; path = ViewController.m; sourceTree = "<group>"; };
		F6FF24D21D73399300118EF5 /* Assets.xcassets */ = {isa = PBXFileReference; lastKnownFileType = folder.assetcatalog; path = Assets.xcassets; sourceTree = "<group>"; };
		F6FF24D71D73399300118EF5 /* Info.plist */ = {isa = PBXFileReference; lastKnownFileType = text.plist.xml; path = Info.plist; sourceTree = "<group>"; };
		F6FF24DF1D73B88300118EF5 /* Default-568h@2x.png */ = {isa = PBXFileReference; lastKnownFileType = image.png; path = "Default-568h@2x.png"; sourceTree = "<group>"; };
/* End PBXFileReference section */

/* Begin PBXFrameworksBuildPhase section */
		F6FF24C01D73399300118EF5 /* Frameworks */ = {
			isa = PBXFrameworksBuildPhase;
			buildActionMask = 2147483647;
			files = (
				F6A2DF141D73D30F00AF0BB6 /* IFXRefresher.framework in Frameworks */,
			);
			runOnlyForDeploymentPostprocessing = 0;
		};
/* End PBXFrameworksBuildPhase section */

/* Begin PBXGroup section */
		F6A2DF121D73D30200AF0BB6 /* Frameworks */ = {
			isa = PBXGroup;
			children = (
				F6A2DF131D73D30F00AF0BB6 /* IFXRefresher.framework */,
			);
			name = Frameworks;
			sourceTree = "<group>";
		};
		F6FF24BA1D73399300118EF5 = {
			isa = PBXGroup;
			children = (
				F6A2DF121D73D30200AF0BB6 /* Frameworks */,
				F6FF24C51D73399300118EF5 /* Example */,
				F6FF24C41D73399300118EF5 /* Products */,
			);
			sourceTree = "<group>";
		};
		F6FF24C41D73399300118EF5 /* Products */ = {
			isa = PBXGroup;
			children = (
				F6FF24C31D73399300118EF5 /* Example.app */,
			);
			name = Products;
			sourceTree = "<group>";
		};
		F6FF24C51D73399300118EF5 /* Example */ = {
			isa = PBXGroup;
			children = (
				F6FF24DF1D73B88300118EF5 /* Default-568h@2x.png */,
				F6FF24C91D73399300118EF5 /* AppDelegate.h */,
				F6FF24CA1D73399300118EF5 /* AppDelegate.m */,
				F6FF24CC1D73399300118EF5 /* ViewController.h */,
				F6FF24CD1D73399300118EF5 /* ViewController.m */,
				F6FF24D21D73399300118EF5 /* Assets.xcassets */,
				F6FF24D71D73399300118EF5 /* Info.plist */,
				F6FF24C61D73399300118EF5 /* Supporting Files */,
			);
			path = Example;
			sourceTree = "<group>";
		};
		F6FF24C61D73399300118EF5 /* Supporting Files */ = {
			isa = PBXGroup;
			children = (
				F6FF24C71D73399300118EF5 /* main.m */,
			);
			name = "Supporting Files";
			sourceTree = "<group>";
		};
/* End PBXGroup section */

/* Begin PBXNativeTarget section */
		F6FF24C21D73399300118EF5 /* Example */ = {
			isa = PBXNativeTarget;
			buildConfigurationList = F6FF24DA1D73399300118EF5 /* Build configuration list for PBXNativeTarget "Example" */;
			buildPhases = (
				F6FF24BF1D73399300118EF5 /* Sources */,
				F6FF24C01D73399300118EF5 /* Frameworks */,
				F6FF24C11D73399300118EF5 /* Resources */,
			);
			buildRules = (
			);
			dependencies = (
			);
			name = Example;
			productName = Example;
			productReference = F6FF24C31D73399300118EF5 /* Example.app */;
			productType = "com.apple.product-type.application";
		};
/* End PBXNativeTarget section */

/* Begin PBXProject section */
		F6FF24BB1D73399300118EF5 /* Project object */ = {
			isa = PBXProject;
			attributes = {
				LastUpgradeCheck = 0730;
				ORGANIZATIONNAME = dy;
				TargetAttributes = {
					F6FF24C21D73399300118EF5 = {
						CreatedOnToolsVersion = 7.3;
					};
				};
			};
			buildConfigurationList = F6FF24BE1D73399300118EF5 /* Build configuration list for PBXProject "Example" */;
			compatibilityVersion = "Xcode 3.2";
			developmentRegion = English;
			hasScannedForEncodings = 0;
			knownRegions = (
				en,
				Base,
			);
			mainGroup = F6FF24BA1D73399300118EF5;
			productRefGroup = F6FF24C41D73399300118EF5 /* Products */;
			projectDirPath = "";
			projectRoot = "";
			targets = (
				F6FF24C21D73399300118EF5 /* Example */,
			);
		};
/* End PBXProject section */

/* Begin PBXResourcesBuildPhase section */
		F6FF24C11D73399300118EF5 /* Resources */ = {
			isa = PBXResourcesBuildPhase;
			buildActionMask = 2147483647;
			files = (
				F6FF24D31D73399300118EF5 /* Assets.xcassets in Resources */,
				F6FF24E01D73B88300118EF5 /* Default-568h@2x.png in Resources */,
			);
			runOnlyForDeploymentPostprocessing = 0;
		};
/* End PBXResourcesBuildPhase section */

/* Begin PBXSourcesBuildPhase section */
		F6FF24BF1D73399300118EF5 /* Sources */ = {
			isa = PBXSourcesBuildPhase;
			buildActionMask = 2147483647;
			files = (
				F6FF24CE1D73399300118EF5 /* ViewController.m in Sources */,
				F6FF24CB1D73399300118EF5 /* AppDelegate.m in Sources */,
				F6FF24C81D73399300118EF5 /* main.m in Sources */,
			);
			runOnlyForDeploymentPostprocessing = 0;
		};
/* End PBXSourcesBuildPhase section */

/* Begin XCBuildConfiguration section */
		F6FF24D81D73399300118EF5 /* Debug */ = {
			isa = XCBuildConfiguration;
			buildSettings = {
				ALWAYS_SEARCH_USER_PATHS = NO;
				CLANG_ANALYZER_NONNULL = YES;
				CLANG_CXX_LANGUAGE_STANDARD = "gnu++0x";
				CLANG_CXX_LIBRARY = "libc++";
				CLANG_ENABLE_MODULES = YES;
				CLANG_ENABLE_OBJC_ARC = YES;
				CLANG_WARN_BOOL_CONVERSION = YES;
				CLANG_WARN_CONSTANT_CONVERSION = YES;
				CLANG_WARN_DIRECT_OBJC_ISA_USAGE = YES_ERROR;
				CLANG_WARN_EMPTY_BODY = YES;
				CLANG_WARN_ENUM_CONVERSION = YES;
				CLANG_WARN_INT_CONVERSION = YES;
				CLANG_WARN_OBJC_ROOT_CLASS = YES_ERROR;
				CLANG_WARN_UNREACHABLE_CODE = YES;
				CLANG_WARN__DUPLICATE_METHOD_MATCH = YES;
				"CODE_SIGN_IDENTITY[sdk=iphoneos*]" = "iPhone Developer";
				COPY_PHASE_STRIP = NO;
				DEBUG_INFORMATION_FORMAT = dwarf;
				ENABLE_STRICT_OBJC_MSGSEND = YES;
				ENABLE_TESTABILITY = YES;
				GCC_C_LANGUAGE_STANDARD = gnu99;
				GCC_DYNAMIC_NO_PIC = NO;
				GCC_NO_COMMON_BLOCKS = YES;
				GCC_OPTIMIZATION_LEVEL = 0;
				GCC_PREPROCESSOR_DEFINITIONS = (
					"DEBUG=1",
					"$(inherited)",
				);
				GCC_WARN_64_TO_32_BIT_CONVERSION = YES;
				GCC_WARN_ABOUT_RETURN_TYPE = YES_ERROR;
				GCC_WARN_UNDECLARED_SELECTOR = YES;
				GCC_WARN_UNINITIALIZED_AUTOS = YES_AGGRESSIVE;
				GCC_WARN_UNUSED_FUNCTION = YES;
				GCC_WARN_UNUSED_VARIABLE = YES;
				IPHONEOS_DEPLOYMENT_TARGET = 9.3;
				MTL_ENABLE_DEBUG_INFO = YES;
				ONLY_ACTIVE_ARCH = YES;
				SDKROOT = iphoneos;
				TARGETED_DEVICE_FAMILY = "1,2";
			};
			name = Debug;
		};
		F6FF24D91D73399300118EF5 /* Release */ = {
			isa = XCBuildConfiguration;
			buildSettings = {
				ALWAYS_SEARCH_USER_PATHS = NO;
				CLANG_ANALYZER_NONNULL = YES;
				CLANG_CXX_LANGUAGE_STANDARD = "gnu++0x";
				CLANG_CXX_LIBRARY = "libc++";
				CLANG_ENABLE_MODULES = YES;
				CLANG_ENABLE_OBJC_ARC = YES;
				CLANG_WARN_BOOL_CONVERSION = YES;
				CLANG_WARN_CONSTANT_CONVERSION = YES;
				CLANG_WARN_DIRECT_OBJC_ISA_USAGE = YES_ERROR;
				CLANG_WARN_EMPTY_BODY = YES;
				CLANG_WARN_ENUM_CONVERSION = YES;
				CLANG_WARN_INT_CONVERSION = YES;
				CLANG_WARN_OBJC_ROOT_CLASS = YES_ERROR;
				CLANG_WARN_UNREACHABLE_CODE = YES;
				CLANG_WARN__DUPLICATE_METHOD_MATCH = YES;
				"CODE_SIGN_IDENTITY[sdk=iphoneos*]" = "iPhone Developer";
				COPY_PHASE_STRIP = NO;
				DEBUG_INFORMATION_FORMAT = "dwarf-with-dsym";
				ENABLE_NS_ASSERTIONS = NO;
				ENABLE_STRICT_OBJC_MSGSEND = YES;
				GCC_C_LANGUAGE_STANDARD = gnu99;
				GCC_NO_COMMON_BLOCKS = YES;
				GCC_WARN_64_TO_32_BIT_CONVERSION = YES;
				GCC_WARN_ABOUT_RETURN_TYPE = YES_ERROR;
				GCC_WARN_UNDECLARED_SELECTOR = YES;
				GCC_WARN_UNINITIALIZED_AUTOS = YES_AGGRESSIVE;
				GCC_WARN_UNUSED_FUNCTION = YES;
				GCC_WARN_UNUSED_VARIABLE = YES;
				IPHONEOS_DEPLOYMENT_TARGET = 9.3;
				MTL_ENABLE_DEBUG_INFO = NO;
				SDKROOT = iphoneos;
				TARGETED_DEVICE_FAMILY = "1,2";
				VALIDATE_PRODUCT = YES;
			};
			name = Release;
		};
		F6FF24DB1D73399300118EF5 /* Debug */ = {
			isa = XCBuildConfiguration;
			buildSettings = {
				ASSETCATALOG_COMPILER_APPICON_NAME = AppIcon;
				INFOPLIST_FILE = Example/Info.plist;
				IPHONEOS_DEPLOYMENT_TARGET = 8.0;
				LD_RUNPATH_SEARCH_PATHS = "$(inherited) @executable_path/Frameworks";
				PRODUCT_BUNDLE_IDENTIFIER = com.github.18plan.Example;
				PRODUCT_NAME = "$(TARGET_NAME)";
			};
			name = Debug;
		};
		F6FF24DC1D73399300118EF5 /* Release */ = {
			isa = XCBuildConfiguration;
			buildSettings = {
				ASSETCATALOG_COMPILER_APPICON_NAME = AppIcon;
				INFOPLIST_FILE = Example/Info.plist;
				IPHONEOS_DEPLOYMENT_TARGET = 8.0;
				LD_RUNPATH_SEARCH_PATHS = "$(inherited) @executable_path/Frameworks";
				PRODUCT_BUNDLE_IDENTIFIER = com.github.18plan.Example;
				PRODUCT_NAME = "$(TARGET_NAME)";
			};
			name = Release;
		};
/* End XCBuildConfiguration section */

/* Begin XCConfigurationList section */
		F6FF24BE1D73399300118EF5 /* Build configuration list for PBXProject "Example" */ = {
			isa = XCConfigurationList;
			buildConfigurations = (
				F6FF24D81D73399300118EF5 /* Debug */,
				F6FF24D91D73399300118EF5 /* Release */,
			);
			defaultConfigurationIsVisible = 0;
			defaultConfigurationName = Release;
		};
		F6FF24DA1D73399300118EF5 /* Build configuration list for PBXNativeTarget "Example" */ = {
			isa = XCConfigurationList;
			buildConfigurations = (
				F6FF24DB1D73399300118EF5 /* Debug */,
				F6FF24DC1D73399300118EF5 /* Release */,
			);
			defaultConfigurationIsVisible = 0;
			defaultConfigurationName = Release;
		};
/* End XCConfigurationList section */
	};
	rootObject = F6FF24BB1D73399300118EF5 /* Project object */;
}
